
Microsoft Visual Studio Solution File, Format Version 12.00
# Visual Studio Version 17
VisualStudioVersion = 17.8.34330.188
MinimumVisualStudioVersion = 10.0.40219.1
Project("{9A19103F-16F7-4668-BE54-9A1E7A4F7556}") = "Telegram.MiniApp.Authentication", "Telegram.MiniApp.Authentication\Telegram.MiniApp.Authentication.csproj", "{5EABE548-D207-47D4-B8EE-A18FDA966B14}"
EndProject
Global
	GlobalSection(SolutionConfigurationPlatforms) = preSolution
		Debug|Any CPU = Debug|Any CPU
		Release|Any CPU = Release|Any CPU
	EndGlobalSection
	GlobalSection(ProjectConfigurationPlatforms) = postSolution
		{5EABE548-D207-47D4-B8EE-A18FDA966B14}.Debug|Any CPU.ActiveCfg = Release|Any CPU
		{5EABE548-D207-47D4-B8EE-A18FDA966B14}.Debug|Any CPU.Build.0 = Release|Any CPU
		{5EABE548-D207-47D4-B8EE-A18FDA966B14}.Release|Any CPU.ActiveCfg = Release|Any CPU
		{5EABE548-D207-47D4-B8EE-A18FDA966B14}.Release|Any CPU.Build.0 = Release|Any CPU
	EndGlobalSection
	GlobalSection(SolutionProperties) = preSolution
		HideSolutionNode = FALSE
	EndGlobalSection
	GlobalSection(ExtensibilityGlobals) = postSolution
		SolutionGuid = {03FAF9BC-6D0C-4846-AB0F-70B79DE77CBC}
	EndGlobalSection
EndGlobal
